<?xml version="1.0" encoding="utf-8"?>
<Project ToolsVersion="4.0" xmlns="http://schemas.microsoft.com/developer/msbuild/2003">
  <ItemGroup>
    <ClCompile Include="Src\Object\Actor\BarUp.cpp" />
    <ClCompile Include="Src\Object\Actor\Bar.cpp" />
    <ClCompile Include="Src\Common\FpsController.cpp" />
    <ClCompile Include="Src\Common\Quaternion.cpp" />
    <ClCompile Include="Src\Manager\Resource.cpp" />
    <ClCompile Include="Src\Manager\ResourceManager.cpp" />
    <ClCompile Include="Src\Object\Actor\ActorBase.cpp" />
    <ClCompile Include="Src\Object\Actor\Charactor\CharactorBase.cpp" />
    <ClCompile Include="Src\Object\Actor\Charactor\Player.cpp" />
    <ClCompile Include="Src\Object\Actor\SkyDome.cpp" />
    <ClCompile Include="Src\Object\Actor\Stage.cpp" />
    <ClCompile Include="Src\Object\Collider\ColliderBase.cpp" />
    <ClCompile Include="Src\Object\Collider\ColliderCapsule.cpp" />
    <ClCompile Include="Src\Object\Collider\ColliderLine.cpp" />
    <ClCompile Include="Src\Object\Collider\ColliderModel.cpp" />
    <ClCompile Include="Src\Object\Common\AnimationController.cpp" />
    <ClCompile Include="Src\Object\Common\Transform.cpp" />
    <ClCompile Include="Src\Object\Grid.cpp" />
    <ClCompile Include="Src\Scene\GameScene.cpp" />
    <ClCompile Include="Src\Application.cpp" />
    <ClCompile Include="Src\Common\Fader.cpp" />
    <ClCompile Include="Src\Common\System.cpp" />
    <ClCompile Include="Src\Common\Vector2.cpp" />
    <ClCompile Include="Src\main.cpp" />
    <ClCompile Include="Src\Manager\Camera.cpp" />
    <ClCompile Include="Src\Manager\Colision.cpp" />
    <ClCompile Include="Src\Manager\InputManager.cpp" />
    <ClCompile Include="Src\Manager\SceneManager.cpp" />
    <ClCompile Include="Src\Scene\SceneBase.cpp" />
    <ClCompile Include="Src\Scene\TitleScene.cpp" />
    <ClCompile Include="Src\Utility\AsoUtility.cpp" />
    <ClCompile Include="Src\Utility\MatrixUtility.cpp" />
    <ClCompile Include="Src\Sound\AudioManager.cpp" />
    <ClCompile Include="Src\Sound\SoundTable.cpp" />
  </ItemGroup>
  <ItemGroup>
<<<<<<< HEAD
    <ClCompile Include="Src\Application.cpp">
      <Filter>ソース ファイル</Filter>
    </ClCompile>
    <ClCompile Include="Src\main.cpp">
      <Filter>ソース ファイル</Filter>
    </ClCompile>
    <ClCompile Include="Src\Utility\AsoUtility.cpp">
      <Filter>ソース ファイル</Filter>
    </ClCompile>
    <ClCompile Include="Src\Scene\SceneBase.cpp">
      <Filter>ソース ファイル</Filter>
    </ClCompile>
    <ClCompile Include="Src\Manager\Camera.cpp">
      <Filter>ソース ファイル</Filter>
    </ClCompile>
    <ClCompile Include="Src\Manager\Colision.cpp">
      <Filter>ソース ファイル</Filter>
    </ClCompile>
    <ClCompile Include="Src\Manager\InputManager.cpp">
      <Filter>ソース ファイル</Filter>
    </ClCompile>
    <ClCompile Include="Src\Manager\SceneManager.cpp">
      <Filter>ソース ファイル</Filter>
    </ClCompile>
    <ClCompile Include="Src\Common\Fader.cpp">
      <Filter>ソース ファイル</Filter>
    </ClCompile>
    <ClCompile Include="Src\Common\Vector2.cpp">
      <Filter>ソース ファイル</Filter>
    </ClCompile>
    <ClCompile Include="Src\Common\System.cpp">
      <Filter>ソース ファイル</Filter>
    </ClCompile>
    <ClCompile Include="Src\Scene\GameScene.cpp">
      <Filter>ソース ファイル</Filter>
    </ClCompile>
    <ClCompile Include="Src\Manager\Resource.cpp">
      <Filter>ソース ファイル</Filter>
    </ClCompile>
    <ClCompile Include="Src\Manager\ResourceManager.cpp">
      <Filter>ソース ファイル</Filter>
    </ClCompile>
    <ClCompile Include="Src\Object\Actor\ActorBase.cpp">
      <Filter>ソース ファイル</Filter>
    </ClCompile>
    <ClCompile Include="Src\Object\Actor\SkyDome.cpp">
      <Filter>ソース ファイル</Filter>
    </ClCompile>
    <ClCompile Include="Src\Object\Actor\Stage.cpp">
      <Filter>ソース ファイル</Filter>
    </ClCompile>
    <ClCompile Include="Src\Object\Collider\ColliderBase.cpp">
      <Filter>ソース ファイル</Filter>
    </ClCompile>
    <ClCompile Include="Src\Object\Collider\ColliderCapsule.cpp">
      <Filter>ソース ファイル</Filter>
    </ClCompile>
    <ClCompile Include="Src\Object\Collider\ColliderLine.cpp">
      <Filter>ソース ファイル</Filter>
    </ClCompile>
    <ClCompile Include="Src\Object\Collider\ColliderModel.cpp">
      <Filter>ソース ファイル</Filter>
    </ClCompile>
    <ClCompile Include="Src\Object\Common\AnimationController.cpp">
      <Filter>ソース ファイル</Filter>
    </ClCompile>
    <ClCompile Include="Src\Object\Common\Transform.cpp">
      <Filter>ソース ファイル</Filter>
    </ClCompile>
    <ClCompile Include="Src\Utility\MatrixUtility.cpp">
      <Filter>ソース ファイル</Filter>
    </ClCompile>
    <ClCompile Include="Src\Common\FpsController.cpp">
      <Filter>ソース ファイル</Filter>
    </ClCompile>
    <ClCompile Include="Src\Common\Quaternion.cpp">
      <Filter>ソース ファイル</Filter>
    </ClCompile>
    <ClCompile Include="Src\Object\Grid.cpp">
      <Filter>ソース ファイル</Filter>
    </ClCompile>
<<<<<<< HEAD
    <ClCompile Include="Src\Scene\TitleScene.cpp">
=======
    <ClCompile Include="Src\Object\Actor\Charactor\CharactorBase.cpp">
      <Filter>ソース ファイル</Filter>
    </ClCompile>
    <ClCompile Include="Src\Object\Actor\Charactor\Player.cpp">
      <Filter>ソース ファイル</Filter>
    </ClCompile>
    <ClCompile Include="Src\Object\Actor\Bar.cpp">
      <Filter>ソース ファイル</Filter>
    </ClCompile>
    <ClCompile Include="Src\Object\Actor\BarUp.cpp">
>>>>>>> main
      <Filter>ソース ファイル</Filter>
    </ClCompile>
    <ClCompile Include="Src\Scene\TitleScene.cpp">
      <Filter>ソース ファイル</Filter>
    </ClCompile>
    <ClCompile Include="Src\Scene\GameClear.cpp">
      <Filter>ソース ファイル</Filter>
    </ClCompile>
    <ClCompile Include="Src\Scene\GameOverScene.cpp">
      <Filter>ソース ファイル</Filter>
    </ClCompile>
  </ItemGroup>
  <ItemGroup>
    <ClInclude Include="Src\Application.h">
      <Filter>ヘッダー ファイル</Filter>
    </ClInclude>
    <ClInclude Include="Src\framework.h">
      <Filter>ヘッダー ファイル</Filter>
    </ClInclude>
    <ClInclude Include="Src\Common\Fader.h">
      <Filter>ヘッダー ファイル</Filter>
    </ClInclude>
    <ClInclude Include="Src\Common\Vector2.h">
      <Filter>ヘッダー ファイル</Filter>
    </ClInclude>
    <ClInclude Include="Src\Manager\Camera.h">
      <Filter>ヘッダー ファイル</Filter>
    </ClInclude>
    <ClInclude Include="Src\Manager\Colision.h">
      <Filter>ヘッダー ファイル</Filter>
    </ClInclude>
    <ClInclude Include="Src\Manager\InputManager.h">
      <Filter>ヘッダー ファイル</Filter>
    </ClInclude>
    <ClInclude Include="Src\Manager\SceneManager.h">
      <Filter>ヘッダー ファイル</Filter>
    </ClInclude>
    <ClInclude Include="Src\Scene\SceneBase.h">
      <Filter>ヘッダー ファイル</Filter>
    </ClInclude>
    <ClInclude Include="Src\Utility\AsoUtility.h">
      <Filter>ヘッダー ファイル</Filter>
    </ClInclude>
    <ClInclude Include="Src\Common\System.h">
      <Filter>ヘッダー ファイル</Filter>
    </ClInclude>
    <ClInclude Include="Src\Scene\GameScene.h">
      <Filter>ヘッダー ファイル</Filter>
    </ClInclude>
    <ClInclude Include="Src\Manager\Resource.h">
      <Filter>ヘッダー ファイル</Filter>
    </ClInclude>
    <ClInclude Include="Src\Manager\ResourceManager.h">
      <Filter>ヘッダー ファイル</Filter>
    </ClInclude>
    <ClInclude Include="Src\Object\Actor\ActorBase.h">
      <Filter>ヘッダー ファイル</Filter>
    </ClInclude>
    <ClInclude Include="Src\Object\Actor\SkyDome.h">
      <Filter>ヘッダー ファイル</Filter>
    </ClInclude>
    <ClInclude Include="Src\Object\Actor\Stage.h">
      <Filter>ヘッダー ファイル</Filter>
    </ClInclude>
    <ClInclude Include="Src\Object\Collider\ColliderBase.h">
      <Filter>ヘッダー ファイル</Filter>
    </ClInclude>
    <ClInclude Include="Src\Object\Collider\ColliderCapsule.h">
      <Filter>ヘッダー ファイル</Filter>
    </ClInclude>
    <ClInclude Include="Src\Object\Collider\ColliderLine.h">
      <Filter>ヘッダー ファイル</Filter>
    </ClInclude>
    <ClInclude Include="Src\Object\Collider\ColliderModel.h">
      <Filter>ヘッダー ファイル</Filter>
    </ClInclude>
    <ClInclude Include="Src\Object\Common\AnimationController.h">
      <Filter>ヘッダー ファイル</Filter>
    </ClInclude>
    <ClInclude Include="Src\Object\Common\Transform.h">
      <Filter>ヘッダー ファイル</Filter>
    </ClInclude>
    <ClInclude Include="Src\Utility\MatrixUtility.h">
      <Filter>ヘッダー ファイル</Filter>
    </ClInclude>
    <ClInclude Include="Src\Common\FpsController.h">
      <Filter>ヘッダー ファイル</Filter>
    </ClInclude>
    <ClInclude Include="Src\Common\Quaternion.h">
      <Filter>ヘッダー ファイル</Filter>
    </ClInclude>
    <ClInclude Include="Src\Object\Grid.h">
      <Filter>ヘッダー ファイル</Filter>
    </ClInclude>
<<<<<<< HEAD
    <ClInclude Include="Src\Scene\TitleScene.h">
=======
    <ClInclude Include="Src\Object\Actor\Charactor\CharactorBase.h">
      <Filter>ヘッダー ファイル</Filter>
    </ClInclude>
    <ClInclude Include="Src\Object\Actor\Charactor\Player.h">
      <Filter>ヘッダー ファイル</Filter>
    </ClInclude>
    <ClInclude Include="Src\Object\Actor\Bar.h">
      <Filter>ヘッダー ファイル</Filter>
    </ClInclude>
    <ClInclude Include="Src\Object\Actor\BarUp.h">
>>>>>>> main
      <Filter>ヘッダー ファイル</Filter>
    </ClInclude>
    <ClInclude Include="Src\Scene\TitleScene.h">
      <Filter>ヘッダー ファイル</Filter>
    </ClInclude>
    <ClInclude Include="Src\Scene\GameClear.h">
      <Filter>ヘッダー ファイル</Filter>
    </ClInclude>
    <ClInclude Include="Src\Scene\GameOverScene.h">
      <Filter>ヘッダー ファイル</Filter>
    </ClInclude>
=======
    <ClInclude Include="Src\Object\Actor\BarUp.h" />
    <ClInclude Include="Src\Object\Actor\Bar.h" />
    <ClInclude Include="Src\Common\FpsController.h" />
    <ClInclude Include="Src\Common\Quaternion.h" />
    <ClInclude Include="Src\Manager\Resource.h" />
    <ClInclude Include="Src\Manager\ResourceManager.h" />
    <ClInclude Include="Src\Object\Actor\ActorBase.h" />
    <ClInclude Include="Src\Object\Actor\Charactor\CharactorBase.h" />
    <ClInclude Include="Src\Object\Actor\Charactor\Player.h" />
    <ClInclude Include="Src\Object\Actor\SkyDome.h" />
    <ClInclude Include="Src\Object\Actor\Stage.h" />
    <ClInclude Include="Src\Object\Collider\ColliderBase.h" />
    <ClInclude Include="Src\Object\Collider\ColliderCapsule.h" />
    <ClInclude Include="Src\Object\Collider\ColliderLine.h" />
    <ClInclude Include="Src\Object\Collider\ColliderModel.h" />
    <ClInclude Include="Src\Object\Common\AnimationController.h" />
    <ClInclude Include="Src\Object\Common\Transform.h" />
    <ClInclude Include="Src\Object\Grid.h" />
    <ClInclude Include="Src\Scene\GameScene.h" />
    <ClInclude Include="Src\Application.h" />
    <ClInclude Include="Src\Common\Fader.h" />
    <ClInclude Include="Src\Common\System.h" />
    <ClInclude Include="Src\Common\Vector2.h" />
    <ClInclude Include="Src\framework.h" />
    <ClInclude Include="Src\Manager\Camera.h" />
    <ClInclude Include="Src\Manager\Colision.h" />
    <ClInclude Include="Src\Manager\InputManager.h" />
    <ClInclude Include="Src\Manager\SceneManager.h" />
    <ClInclude Include="Src\Scene\SceneBase.h" />
    <ClInclude Include="Src\Scene\TitleScene.h" />
    <ClInclude Include="Src\Utility\AsoUtility.h" />
    <ClInclude Include="Src\Utility\MatrixUtility.h" />
    <ClInclude Include="Src\Sound\AudioManager.h" />
    <ClInclude Include="Src\Sound\SoundTable.h" />
>>>>>>> andou
  </ItemGroup>
</Project>